
Microsoft Visual Studio Solution File, Format Version 12.00
Project("{FAE04EC0-301F-11D3-BF4B-00C04F79EFBC}") = "Zad1", "Zad1\Zad1.csproj", "{7B52A705-1774-4176-B7D8-BE1E9E57ACA2}"
EndProject
Global
	GlobalSection(SolutionConfigurationPlatforms) = preSolution
		Debug|Any CPU = Debug|Any CPU
		Release|Any CPU = Release|Any CPU
	EndGlobalSection
	GlobalSection(ProjectConfigurationPlatforms) = postSolution
		{7B52A705-1774-4176-B7D8-BE1E9E57ACA2}.Debug|Any CPU.ActiveCfg = Debug|Any CPU
		{7B52A705-1774-4176-B7D8-BE1E9E57ACA2}.Debug|Any CPU.Build.0 = Debug|Any CPU
		{7B52A705-1774-4176-B7D8-BE1E9E57ACA2}.Release|Any CPU.ActiveCfg = Release|Any CPU
		{7B52A705-1774-4176-B7D8-BE1E9E57ACA2}.Release|Any CPU.Build.0 = Release|Any CPU
	EndGlobalSection
EndGlobal
